
Microsoft Visual Studio Solution File, Format Version 12.00
# Visual Studio Version 17
VisualStudioVersion = 17.4.33205.214
MinimumVisualStudioVersion = 10.0.40219.1
Project("{FAE04EC0-301F-11D3-BF4B-00C04F79EFBC}") = "Major Project 1", "Major Project 1.csproj", "{F8ABA56C-C76D-480A-B0B9-27A2417CECF6}"
EndProject
Global
	GlobalSection(SolutionConfigurationPlatforms) = preSolution
		Debug|Any CPU = Debug|Any CPU
		Release|Any CPU = Release|Any CPU
	EndGlobalSection
	GlobalSection(ProjectConfigurationPlatforms) = postSolution
		{F8ABA56C-C76D-480A-B0B9-27A2417CECF6}.Debug|Any CPU.ActiveCfg = Debug|Any CPU
		{F8ABA56C-C76D-480A-B0B9-27A2417CECF6}.Debug|Any CPU.Build.0 = Debug|Any CPU
		{F8ABA56C-C76D-480A-B0B9-27A2417CECF6}.Release|Any CPU.ActiveCfg = Release|Any CPU
		{F8ABA56C-C76D-480A-B0B9-27A2417CECF6}.Release|Any CPU.Build.0 = Release|Any CPU
	EndGlobalSection
	GlobalSection(SolutionProperties) = preSolution
		HideSolutionNode = FALSE
	EndGlobalSection
	GlobalSection(ExtensibilityGlobals) = postSolution
		SolutionGuid = {ACB8F242-2C5B-4DDB-B7AB-F9332C5865FE}
	EndGlobalSection
EndGlobal
